<?xml version="1.0" encoding="utf-8"?>
<Project ToolsVersion="4.0" xmlns="http://schemas.microsoft.com/developer/msbuild/2003">
  <ItemGroup>
    <Filter Include="source">
      <UniqueIdentifier>{ad710142-4d5a-41c4-8fef-a14fb1cd5fbe}</UniqueIdentifier>
    </Filter>
    <Filter Include="client">
      <UniqueIdentifier>{ad64371d-6357-4a15-a8b1-fe930adf6c97}</UniqueIdentifier>
    </Filter>
  </ItemGroup>
  <ItemGroup>
    <None Include="..\client\index.html">
      <Filter>client</Filter>
    </None>
    <None Include="..\client\jsmpg.js">
      <Filter>client</Filter>
    </None>
  </ItemGroup>
  <ItemGroup>
    <ClCompile Include="..\source\app.c">
      <Filter>source</Filter>
    </ClCompile>
    <ClCompile Include="..\source\encoder.c">
      <Filter>source</Filter>
    </ClCompile>
    <ClCompile Include="..\source\grabber.c">
      <Filter>source</Filter>
    </ClCompile>
    <ClCompile Include="..\source\jsmpeg-vnc.c">
      <Filter>source</Filter>
    </ClCompile>
    <ClCompile Include="..\source\server.c">
      <Filter>source</Filter>
    </ClCompile>
    <ClCompile Include="..\source\timer.c">
      <Filter>source</Filter>
    </ClCompile>
  </ItemGroup>
  <ItemGroup>
    <ClInclude Include="..\source\app.h">
      <Filter>source</Filter>
    </ClInclude>
    <ClInclude Include="..\source\encoder.h">
      <Filter>source</Filter>
    </ClInclude>
    <ClInclude Include="..\source\grabber.h">
      <Filter>source</Filter>
    </ClInclude>
    <ClInclude Include="..\source\server.h">
      <Filter>source</Filter>
    </ClInclude>
    <ClInclude Include="..\source\timer.h">
      <Filter>source</Filter>
    </ClInclude>
  </ItemGroup>
</Project>